// !$*UTF8*$!
{
	archiveVersion = 1;
	classes = {
	};
	objectVersion = 56;
	objects = {

/* Begin PBXBuildFile section */
		0B0A9959D88C97B8E9BD154B /* Pods_Parstagram_ParstagramUITests.framework in Frameworks */ = {isa = PBXBuildFile; fileRef = 40FC12F3D3781F325F2A251F /* Pods_Parstagram_ParstagramUITests.framework */; };
		21388090751FAD61254A181E /* Pods_ParstagramTests.framework in Frameworks */ = {isa = PBXBuildFile; fileRef = 84CEB830D1C55A1DDD30D51F /* Pods_ParstagramTests.framework */; };
		56E098E919E9C5E689B1A887 /* Pods_Parstagram.framework in Frameworks */ = {isa = PBXBuildFile; fileRef = 848696F4E6F863A29F0BC052 /* Pods_Parstagram.framework */; };
		B70D30D328E4EF72006B6863 /* AppDelegate.swift in Sources */ = {isa = PBXBuildFile; fileRef = B70D30D228E4EF72006B6863 /* AppDelegate.swift */; };
		B70D30D528E4EF72006B6863 /* SceneDelegate.swift in Sources */ = {isa = PBXBuildFile; fileRef = B70D30D428E4EF72006B6863 /* SceneDelegate.swift */; };
		B70D30DA28E4EF72006B6863 /* Main.storyboard in Resources */ = {isa = PBXBuildFile; fileRef = B70D30D828E4EF72006B6863 /* Main.storyboard */; };
		B70D30DC28E4EF76006B6863 /* Assets.xcassets in Resources */ = {isa = PBXBuildFile; fileRef = B70D30DB28E4EF76006B6863 /* Assets.xcassets */; };
		B70D30DF28E4EF76006B6863 /* LaunchScreen.storyboard in Resources */ = {isa = PBXBuildFile; fileRef = B70D30DD28E4EF76006B6863 /* LaunchScreen.storyboard */; };
		B70D30EA28E4EF77006B6863 /* ParstagramTests.swift in Sources */ = {isa = PBXBuildFile; fileRef = B70D30E928E4EF77006B6863 /* ParstagramTests.swift */; };
		B70D30F428E4EF77006B6863 /* ParstagramUITests.swift in Sources */ = {isa = PBXBuildFile; fileRef = B70D30F328E4EF77006B6863 /* ParstagramUITests.swift */; };
		B70D30F628E4EF77006B6863 /* ParstagramUITestsLaunchTests.swift in Sources */ = {isa = PBXBuildFile; fileRef = B70D30F528E4EF77006B6863 /* ParstagramUITestsLaunchTests.swift */; };
		B72817FB28E6AE16006F08F8 /* LoginViewController.swift in Sources */ = {isa = PBXBuildFile; fileRef = B72817FA28E6AE16006F08F8 /* LoginViewController.swift */; };
		B72817FD28E6AE4A006F08F8 /* FeedViewController.swift in Sources */ = {isa = PBXBuildFile; fileRef = B72817FC28E6AE4A006F08F8 /* FeedViewController.swift */; };
		B7852F1728EAA4CF002ACEF2 /* PostCell.swift in Sources */ = {isa = PBXBuildFile; fileRef = B7852F1628EAA4CF002ACEF2 /* PostCell.swift */; };
		B78A877028E7D2CB0040C7F5 /* CameraViewController.swift in Sources */ = {isa = PBXBuildFile; fileRef = B78A876F28E7D2CB0040C7F5 /* CameraViewController.swift */; };
		B78D825128FE5264000DB25F /* CommentCell.swift in Sources */ = {isa = PBXBuildFile; fileRef = B78D825028FE5264000DB25F /* CommentCell.swift */; };
/* End PBXBuildFile section */

/* Begin PBXContainerItemProxy section */
		B70D30E628E4EF77006B6863 /* PBXContainerItemProxy */ = {
			isa = PBXContainerItemProxy;
			containerPortal = B70D30C728E4EF72006B6863 /* Project object */;
			proxyType = 1;
			remoteGlobalIDString = B70D30CE28E4EF72006B6863;
			remoteInfo = Parstagram;
		};
		B70D30F028E4EF77006B6863 /* PBXContainerItemProxy */ = {
			isa = PBXContainerItemProxy;
			containerPortal = B70D30C728E4EF72006B6863 /* Project object */;
			proxyType = 1;
			remoteGlobalIDString = B70D30CE28E4EF72006B6863;
			remoteInfo = Parstagram;
		};
/* End PBXContainerItemProxy section */

/* Begin PBXFileReference section */
		0650192BE6231D2CFDC41C45 /* Pods-ParstagramTests.release.xcconfig */ = {isa = PBXFileReference; includeInIndex = 1; lastKnownFileType = text.xcconfig; name = "Pods-ParstagramTests.release.xcconfig"; path = "Target Support Files/Pods-ParstagramTests/Pods-ParstagramTests.release.xcconfig"; sourceTree = "<group>"; };
		135F065D6108890AA34CDD2A /* Pods-Parstagram.debug.xcconfig */ = {isa = PBXFileReference; includeInIndex = 1; lastKnownFileType = text.xcconfig; name = "Pods-Parstagram.debug.xcconfig"; path = "Target Support Files/Pods-Parstagram/Pods-Parstagram.debug.xcconfig"; sourceTree = "<group>"; };
		306E71D85AD2DA527233D6CD /* Pods-Parstagram.release.xcconfig */ = {isa = PBXFileReference; includeInIndex = 1; lastKnownFileType = text.xcconfig; name = "Pods-Parstagram.release.xcconfig"; path = "Target Support Files/Pods-Parstagram/Pods-Parstagram.release.xcconfig"; sourceTree = "<group>"; };
		40FC12F3D3781F325F2A251F /* Pods_Parstagram_ParstagramUITests.framework */ = {isa = PBXFileReference; explicitFileType = wrapper.framework; includeInIndex = 0; path = Pods_Parstagram_ParstagramUITests.framework; sourceTree = BUILT_PRODUCTS_DIR; };
		595F3E9B59BD5043197B3C94 /* Pods-Parstagram-ParstagramUITests.release.xcconfig */ = {isa = PBXFileReference; includeInIndex = 1; lastKnownFileType = text.xcconfig; name = "Pods-Parstagram-ParstagramUITests.release.xcconfig"; path = "Target Support Files/Pods-Parstagram-ParstagramUITests/Pods-Parstagram-ParstagramUITests.release.xcconfig"; sourceTree = "<group>"; };
		848696F4E6F863A29F0BC052 /* Pods_Parstagram.framework */ = {isa = PBXFileReference; explicitFileType = wrapper.framework; includeInIndex = 0; path = Pods_Parstagram.framework; sourceTree = BUILT_PRODUCTS_DIR; };
		84CEB830D1C55A1DDD30D51F /* Pods_ParstagramTests.framework */ = {isa = PBXFileReference; explicitFileType = wrapper.framework; includeInIndex = 0; path = Pods_ParstagramTests.framework; sourceTree = BUILT_PRODUCTS_DIR; };
		8A8EB5A3CBD36DD1B3A252B0 /* Pods-ParstagramTests.debug.xcconfig */ = {isa = PBXFileReference; includeInIndex = 1; lastKnownFileType = text.xcconfig; name = "Pods-ParstagramTests.debug.xcconfig"; path = "Target Support Files/Pods-ParstagramTests/Pods-ParstagramTests.debug.xcconfig"; sourceTree = "<group>"; };
		B70D30CF28E4EF72006B6863 /* Parstagram.app */ = {isa = PBXFileReference; explicitFileType = wrapper.application; includeInIndex = 0; path = Parstagram.app; sourceTree = BUILT_PRODUCTS_DIR; };
		B70D30D228E4EF72006B6863 /* AppDelegate.swift */ = {isa = PBXFileReference; lastKnownFileType = sourcecode.swift; path = AppDelegate.swift; sourceTree = "<group>"; };
		B70D30D428E4EF72006B6863 /* SceneDelegate.swift */ = {isa = PBXFileReference; lastKnownFileType = sourcecode.swift; path = SceneDelegate.swift; sourceTree = "<group>"; };
		B70D30D928E4EF72006B6863 /* Base */ = {isa = PBXFileReference; lastKnownFileType = file.storyboard; name = Base; path = Base.lproj/Main.storyboard; sourceTree = "<group>"; };
		B70D30DB28E4EF76006B6863 /* Assets.xcassets */ = {isa = PBXFileReference; lastKnownFileType = folder.assetcatalog; path = Assets.xcassets; sourceTree = "<group>"; };
		B70D30DE28E4EF76006B6863 /* Base */ = {isa = PBXFileReference; lastKnownFileType = file.storyboard; name = Base; path = Base.lproj/LaunchScreen.storyboard; sourceTree = "<group>"; };
		B70D30E028E4EF76006B6863 /* Info.plist */ = {isa = PBXFileReference; lastKnownFileType = text.plist.xml; path = Info.plist; sourceTree = "<group>"; };
		B70D30E528E4EF77006B6863 /* ParstagramTests.xctest */ = {isa = PBXFileReference; explicitFileType = wrapper.cfbundle; includeInIndex = 0; path = ParstagramTests.xctest; sourceTree = BUILT_PRODUCTS_DIR; };
		B70D30E928E4EF77006B6863 /* ParstagramTests.swift */ = {isa = PBXFileReference; lastKnownFileType = sourcecode.swift; path = ParstagramTests.swift; sourceTree = "<group>"; };
		B70D30EF28E4EF77006B6863 /* ParstagramUITests.xctest */ = {isa = PBXFileReference; explicitFileType = wrapper.cfbundle; includeInIndex = 0; path = ParstagramUITests.xctest; sourceTree = BUILT_PRODUCTS_DIR; };
		B70D30F328E4EF77006B6863 /* ParstagramUITests.swift */ = {isa = PBXFileReference; lastKnownFileType = sourcecode.swift; path = ParstagramUITests.swift; sourceTree = "<group>"; };
		B70D30F528E4EF77006B6863 /* ParstagramUITestsLaunchTests.swift */ = {isa = PBXFileReference; lastKnownFileType = sourcecode.swift; path = ParstagramUITestsLaunchTests.swift; sourceTree = "<group>"; };
		B72817FA28E6AE16006F08F8 /* LoginViewController.swift */ = {isa = PBXFileReference; lastKnownFileType = sourcecode.swift; path = LoginViewController.swift; sourceTree = "<group>"; };
		B72817FC28E6AE4A006F08F8 /* FeedViewController.swift */ = {isa = PBXFileReference; lastKnownFileType = sourcecode.swift; path = FeedViewController.swift; sourceTree = "<group>"; };
		B7852F1628EAA4CF002ACEF2 /* PostCell.swift */ = {isa = PBXFileReference; lastKnownFileType = sourcecode.swift; path = PostCell.swift; sourceTree = "<group>"; };
		B78A876F28E7D2CB0040C7F5 /* CameraViewController.swift */ = {isa = PBXFileReference; lastKnownFileType = sourcecode.swift; path = CameraViewController.swift; sourceTree = "<group>"; };
		B78D825028FE5264000DB25F /* CommentCell.swift */ = {isa = PBXFileReference; lastKnownFileType = sourcecode.swift; path = CommentCell.swift; sourceTree = "<group>"; };
		E1345C5B317B819878F75C83 /* Pods-Parstagram-ParstagramUITests.debug.xcconfig */ = {isa = PBXFileReference; includeInIndex = 1; lastKnownFileType = text.xcconfig; name = "Pods-Parstagram-ParstagramUITests.debug.xcconfig"; path = "Target Support Files/Pods-Parstagram-ParstagramUITests/Pods-Parstagram-ParstagramUITests.debug.xcconfig"; sourceTree = "<group>"; };
/* End PBXFileReference section */

/* Begin PBXFrameworksBuildPhase section */
		B70D30CC28E4EF72006B6863 /* Frameworks */ = {
			isa = PBXFrameworksBuildPhase;
			buildActionMask = 2147483647;
			files = (
				56E098E919E9C5E689B1A887 /* Pods_Parstagram.framework in Frameworks */,
			);
			runOnlyForDeploymentPostprocessing = 0;
		};
		B70D30E228E4EF77006B6863 /* Frameworks */ = {
			isa = PBXFrameworksBuildPhase;
			buildActionMask = 2147483647;
			files = (
				21388090751FAD61254A181E /* Pods_ParstagramTests.framework in Frameworks */,
			);
			runOnlyForDeploymentPostprocessing = 0;
		};
		B70D30EC28E4EF77006B6863 /* Frameworks */ = {
			isa = PBXFrameworksBuildPhase;
			buildActionMask = 2147483647;
			files = (
				0B0A9959D88C97B8E9BD154B /* Pods_Parstagram_ParstagramUITests.framework in Frameworks */,
			);
			runOnlyForDeploymentPostprocessing = 0;
		};
/* End PBXFrameworksBuildPhase section */

/* Begin PBXGroup section */
		55EDC1E340EF7AE814DE71CA /* Pods */ = {
			isa = PBXGroup;
			children = (
				135F065D6108890AA34CDD2A /* Pods-Parstagram.debug.xcconfig */,
				306E71D85AD2DA527233D6CD /* Pods-Parstagram.release.xcconfig */,
				E1345C5B317B819878F75C83 /* Pods-Parstagram-ParstagramUITests.debug.xcconfig */,
				595F3E9B59BD5043197B3C94 /* Pods-Parstagram-ParstagramUITests.release.xcconfig */,
				8A8EB5A3CBD36DD1B3A252B0 /* Pods-ParstagramTests.debug.xcconfig */,
				0650192BE6231D2CFDC41C45 /* Pods-ParstagramTests.release.xcconfig */,
			);
			path = Pods;
			sourceTree = "<group>";
		};
		990A5BFDCE4F2774AB15EDF1 /* Frameworks */ = {
			isa = PBXGroup;
			children = (
				848696F4E6F863A29F0BC052 /* Pods_Parstagram.framework */,
				40FC12F3D3781F325F2A251F /* Pods_Parstagram_ParstagramUITests.framework */,
				84CEB830D1C55A1DDD30D51F /* Pods_ParstagramTests.framework */,
			);
			name = Frameworks;
			sourceTree = "<group>";
		};
		B70D30C628E4EF72006B6863 = {
			isa = PBXGroup;
			children = (
				B70D30D128E4EF72006B6863 /* Parstagram */,
				B70D30E828E4EF77006B6863 /* ParstagramTests */,
				B70D30F228E4EF77006B6863 /* ParstagramUITests */,
				B70D30D028E4EF72006B6863 /* Products */,
				55EDC1E340EF7AE814DE71CA /* Pods */,
				990A5BFDCE4F2774AB15EDF1 /* Frameworks */,
			);
			sourceTree = "<group>";
		};
		B70D30D028E4EF72006B6863 /* Products */ = {
			isa = PBXGroup;
			children = (
				B70D30CF28E4EF72006B6863 /* Parstagram.app */,
				B70D30E528E4EF77006B6863 /* ParstagramTests.xctest */,
				B70D30EF28E4EF77006B6863 /* ParstagramUITests.xctest */,
			);
			name = Products;
			sourceTree = "<group>";
		};
		B70D30D128E4EF72006B6863 /* Parstagram */ = {
			isa = PBXGroup;
			children = (
				B70D30D228E4EF72006B6863 /* AppDelegate.swift */,
				B70D30D428E4EF72006B6863 /* SceneDelegate.swift */,
				B70D30D828E4EF72006B6863 /* Main.storyboard */,
				B70D30DB28E4EF76006B6863 /* Assets.xcassets */,
				B70D30DD28E4EF76006B6863 /* LaunchScreen.storyboard */,
				B70D30E028E4EF76006B6863 /* Info.plist */,
				B72817FA28E6AE16006F08F8 /* LoginViewController.swift */,
				B72817FC28E6AE4A006F08F8 /* FeedViewController.swift */,
				B78A876F28E7D2CB0040C7F5 /* CameraViewController.swift */,
				B7852F1628EAA4CF002ACEF2 /* PostCell.swift */,
				B78D825028FE5264000DB25F /* CommentCell.swift */,
			);
			path = Parstagram;
			sourceTree = "<group>";
		};
		B70D30E828E4EF77006B6863 /* ParstagramTests */ = {
			isa = PBXGroup;
			children = (
				B70D30E928E4EF77006B6863 /* ParstagramTests.swift */,
			);
			path = ParstagramTests;
			sourceTree = "<group>";
		};
		B70D30F228E4EF77006B6863 /* ParstagramUITests */ = {
			isa = PBXGroup;
			children = (
				B70D30F328E4EF77006B6863 /* ParstagramUITests.swift */,
				B70D30F528E4EF77006B6863 /* ParstagramUITestsLaunchTests.swift */,
			);
			path = ParstagramUITests;
			sourceTree = "<group>";
		};
/* End PBXGroup section */

/* Begin PBXNativeTarget section */
		B70D30CE28E4EF72006B6863 /* Parstagram */ = {
			isa = PBXNativeTarget;
			buildConfigurationList = B70D30F928E4EF77006B6863 /* Build configuration list for PBXNativeTarget "Parstagram" */;
			buildPhases = (
				D5656F1D47B8C938E47379EA /* [CP] Check Pods Manifest.lock */,
				B70D30CB28E4EF72006B6863 /* Sources */,
				B70D30CC28E4EF72006B6863 /* Frameworks */,
				B70D30CD28E4EF72006B6863 /* Resources */,
				C6BE4492CA3A0C7BFD486589 /* [CP] Embed Pods Frameworks */,
			);
			buildRules = (
			);
			dependencies = (
			);
			name = Parstagram;
			productName = Parstagram;
			productReference = B70D30CF28E4EF72006B6863 /* Parstagram.app */;
			productType = "com.apple.product-type.application";
		};
		B70D30E428E4EF77006B6863 /* ParstagramTests */ = {
			isa = PBXNativeTarget;
			buildConfigurationList = B70D30FC28E4EF77006B6863 /* Build configuration list for PBXNativeTarget "ParstagramTests" */;
			buildPhases = (
				903BE721A6351F66BB6B66BE /* [CP] Check Pods Manifest.lock */,
				B70D30E128E4EF77006B6863 /* Sources */,
				B70D30E228E4EF77006B6863 /* Frameworks */,
				B70D30E328E4EF77006B6863 /* Resources */,
			);
			buildRules = (
			);
			dependencies = (
				B70D30E728E4EF77006B6863 /* PBXTargetDependency */,
			);
			name = ParstagramTests;
			productName = ParstagramTests;
			productReference = B70D30E528E4EF77006B6863 /* ParstagramTests.xctest */;
			productType = "com.apple.product-type.bundle.unit-test";
		};
		B70D30EE28E4EF77006B6863 /* ParstagramUITests */ = {
			isa = PBXNativeTarget;
			buildConfigurationList = B70D30FF28E4EF77006B6863 /* Build configuration list for PBXNativeTarget "ParstagramUITests" */;
			buildPhases = (
				F366C1024B23DF9EC147D153 /* [CP] Check Pods Manifest.lock */,
				B70D30EB28E4EF77006B6863 /* Sources */,
				B70D30EC28E4EF77006B6863 /* Frameworks */,
				B70D30ED28E4EF77006B6863 /* Resources */,
				AD35853D78BF2DF1F12B2302 /* [CP] Embed Pods Frameworks */,
			);
			buildRules = (
			);
			dependencies = (
				B70D30F128E4EF77006B6863 /* PBXTargetDependency */,
			);
			name = ParstagramUITests;
			productName = ParstagramUITests;
			productReference = B70D30EF28E4EF77006B6863 /* ParstagramUITests.xctest */;
			productType = "com.apple.product-type.bundle.ui-testing";
		};
/* End PBXNativeTarget section */

/* Begin PBXProject section */
		B70D30C728E4EF72006B6863 /* Project object */ = {
			isa = PBXProject;
			attributes = {
				BuildIndependentTargetsInParallel = 1;
				LastSwiftUpdateCheck = 1400;
				LastUpgradeCheck = 1400;
				TargetAttributes = {
					B70D30CE28E4EF72006B6863 = {
						CreatedOnToolsVersion = 14.0;
					};
					B70D30E428E4EF77006B6863 = {
						CreatedOnToolsVersion = 14.0;
						TestTargetID = B70D30CE28E4EF72006B6863;
					};
					B70D30EE28E4EF77006B6863 = {
						CreatedOnToolsVersion = 14.0;
						TestTargetID = B70D30CE28E4EF72006B6863;
					};
				};
			};
			buildConfigurationList = B70D30CA28E4EF72006B6863 /* Build configuration list for PBXProject "Parstagram" */;
			compatibilityVersion = "Xcode 14.0";
			developmentRegion = en;
			hasScannedForEncodings = 0;
			knownRegions = (
				en,
				Base,
			);
			mainGroup = B70D30C628E4EF72006B6863;
			productRefGroup = B70D30D028E4EF72006B6863 /* Products */;
			projectDirPath = "";
			projectRoot = "";
			targets = (
				B70D30CE28E4EF72006B6863 /* Parstagram */,
				B70D30E428E4EF77006B6863 /* ParstagramTests */,
				B70D30EE28E4EF77006B6863 /* ParstagramUITests */,
			);
		};
/* End PBXProject section */

/* Begin PBXResourcesBuildPhase section */
		B70D30CD28E4EF72006B6863 /* Resources */ = {
			isa = PBXResourcesBuildPhase;
			buildActionMask = 2147483647;
			files = (
				B70D30DF28E4EF76006B6863 /* LaunchScreen.storyboard in Resources */,
				B70D30DC28E4EF76006B6863 /* Assets.xcassets in Resources */,
				B70D30DA28E4EF72006B6863 /* Main.storyboard in Resources */,
			);
			runOnlyForDeploymentPostprocessing = 0;
		};
		B70D30E328E4EF77006B6863 /* Resources */ = {
			isa = PBXResourcesBuildPhase;
			buildActionMask = 2147483647;
			files = (
			);
			runOnlyForDeploymentPostprocessing = 0;
		};
		B70D30ED28E4EF77006B6863 /* Resources */ = {
			isa = PBXResourcesBuildPhase;
			buildActionMask = 2147483647;
			files = (
			);
			runOnlyForDeploymentPostprocessing = 0;
		};
/* End PBXResourcesBuildPhase section */

/* Begin PBXShellScriptBuildPhase section */
		903BE721A6351F66BB6B66BE /* [CP] Check Pods Manifest.lock */ = {
			isa = PBXShellScriptBuildPhase;
			buildActionMask = 2147483647;
			files = (
			);
			inputFileListPaths = (
			);
			inputPaths = (
				"${PODS_PODFILE_DIR_PATH}/Podfile.lock",
				"${PODS_ROOT}/Manifest.lock",
			);
			name = "[CP] Check Pods Manifest.lock";
			outputFileListPaths = (
			);
			outputPaths = (
				"$(DERIVED_FILE_DIR)/Pods-ParstagramTests-checkManifestLockResult.txt",
			);
			runOnlyForDeploymentPostprocessing = 0;
			shellPath = /bin/sh;
			shellScript = "diff \"${PODS_PODFILE_DIR_PATH}/Podfile.lock\" \"${PODS_ROOT}/Manifest.lock\" > /dev/null\nif [ $? != 0 ] ; then\n    # print error to STDERR\n    echo \"error: The sandbox is not in sync with the Podfile.lock. Run 'pod install' or update your CocoaPods installation.\" >&2\n    exit 1\nfi\n# This output is used by Xcode 'outputs' to avoid re-running this script phase.\necho \"SUCCESS\" > \"${SCRIPT_OUTPUT_FILE_0}\"\n";
			showEnvVarsInLog = 0;
		};
		AD35853D78BF2DF1F12B2302 /* [CP] Embed Pods Frameworks */ = {
			isa = PBXShellScriptBuildPhase;
			buildActionMask = 2147483647;
			files = (
			);
			inputFileListPaths = (
				"${PODS_ROOT}/Target Support Files/Pods-Parstagram-ParstagramUITests/Pods-Parstagram-ParstagramUITests-frameworks-${CONFIGURATION}-input-files.xcfilelist",
			);
			name = "[CP] Embed Pods Frameworks";
			outputFileListPaths = (
				"${PODS_ROOT}/Target Support Files/Pods-Parstagram-ParstagramUITests/Pods-Parstagram-ParstagramUITests-frameworks-${CONFIGURATION}-output-files.xcfilelist",
			);
			runOnlyForDeploymentPostprocessing = 0;
			shellPath = /bin/sh;
			shellScript = "\"${PODS_ROOT}/Target Support Files/Pods-Parstagram-ParstagramUITests/Pods-Parstagram-ParstagramUITests-frameworks.sh\"\n";
			showEnvVarsInLog = 0;
		};
		C6BE4492CA3A0C7BFD486589 /* [CP] Embed Pods Frameworks */ = {
			isa = PBXShellScriptBuildPhase;
			buildActionMask = 2147483647;
			files = (
			);
			inputFileListPaths = (
				"${PODS_ROOT}/Target Support Files/Pods-Parstagram/Pods-Parstagram-frameworks-${CONFIGURATION}-input-files.xcfilelist",
			);
			name = "[CP] Embed Pods Frameworks";
			outputFileListPaths = (
				"${PODS_ROOT}/Target Support Files/Pods-Parstagram/Pods-Parstagram-frameworks-${CONFIGURATION}-output-files.xcfilelist",
			);
			runOnlyForDeploymentPostprocessing = 0;
			shellPath = /bin/sh;
			shellScript = "\"${PODS_ROOT}/Target Support Files/Pods-Parstagram/Pods-Parstagram-frameworks.sh\"\n";
			showEnvVarsInLog = 0;
		};
		D5656F1D47B8C938E47379EA /* [CP] Check Pods Manifest.lock */ = {
			isa = PBXShellScriptBuildPhase;
			buildActionMask = 2147483647;
			files = (
			);
			inputFileListPaths = (
			);
			inputPaths = (
				"${PODS_PODFILE_DIR_PATH}/Podfile.lock",
				"${PODS_ROOT}/Manifest.lock",
			);
			name = "[CP] Check Pods Manifest.lock";
			outputFileListPaths = (
			);
			outputPaths = (
				"$(DERIVED_FILE_DIR)/Pods-Parstagram-checkManifestLockResult.txt",
			);
			runOnlyForDeploymentPostprocessing = 0;
			shellPath = /bin/sh;
			shellScript = "diff \"${PODS_PODFILE_DIR_PATH}/Podfile.lock\" \"${PODS_ROOT}/Manifest.lock\" > /dev/null\nif [ $? != 0 ] ; then\n    # print error to STDERR\n    echo \"error: The sandbox is not in sync with the Podfile.lock. Run 'pod install' or update your CocoaPods installation.\" >&2\n    exit 1\nfi\n# This output is used by Xcode 'outputs' to avoid re-running this script phase.\necho \"SUCCESS\" > \"${SCRIPT_OUTPUT_FILE_0}\"\n";
			showEnvVarsInLog = 0;
		};
		F366C1024B23DF9EC147D153 /* [CP] Check Pods Manifest.lock */ = {
			isa = PBXShellScriptBuildPhase;
			buildActionMask = 2147483647;
			files = (
			);
			inputFileListPaths = (
			);
			inputPaths = (
				"${PODS_PODFILE_DIR_PATH}/Podfile.lock",
				"${PODS_ROOT}/Manifest.lock",
			);
			name = "[CP] Check Pods Manifest.lock";
			outputFileListPaths = (
			);
			outputPaths = (
				"$(DERIVED_FILE_DIR)/Pods-Parstagram-ParstagramUITests-checkManifestLockResult.txt",
			);
			runOnlyForDeploymentPostprocessing = 0;
			shellPath = /bin/sh;
			shellScript = "diff \"${PODS_PODFILE_DIR_PATH}/Podfile.lock\" \"${PODS_ROOT}/Manifest.lock\" > /dev/null\nif [ $? != 0 ] ; then\n    # print error to STDERR\n    echo \"error: The sandbox is not in sync with the Podfile.lock. Run 'pod install' or update your CocoaPods installation.\" >&2\n    exit 1\nfi\n# This output is used by Xcode 'outputs' to avoid re-running this script phase.\necho \"SUCCESS\" > \"${SCRIPT_OUTPUT_FILE_0}\"\n";
			showEnvVarsInLog = 0;
		};
/* End PBXShellScriptBuildPhase section */

/* Begin PBXSourcesBuildPhase section */
		B70D30CB28E4EF72006B6863 /* Sources */ = {
			isa = PBXSourcesBuildPhase;
			buildActionMask = 2147483647;
			files = (
				B72817FB28E6AE16006F08F8 /* LoginViewController.swift in Sources */,
				B78A877028E7D2CB0040C7F5 /* CameraViewController.swift in Sources */,
				B70D30D328E4EF72006B6863 /* AppDelegate.swift in Sources */,
				B72817FD28E6AE4A006F08F8 /* FeedViewController.swift in Sources */,
				B70D30D528E4EF72006B6863 /* SceneDelegate.swift in Sources */,
				B7852F1728EAA4CF002ACEF2 /* PostCell.swift in Sources */,
				B78D825128FE5264000DB25F /* CommentCell.swift in Sources */,
			);
			runOnlyForDeploymentPostprocessing = 0;
		};
		B70D30E128E4EF77006B6863 /* Sources */ = {
			isa = PBXSourcesBuildPhase;
			buildActionMask = 2147483647;
			files = (
				B70D30EA28E4EF77006B6863 /* ParstagramTests.swift in Sources */,
			);
			runOnlyForDeploymentPostprocessing = 0;
		};
		B70D30EB28E4EF77006B6863 /* Sources */ = {
			isa = PBXSourcesBuildPhase;
			buildActionMask = 2147483647;
			files = (
				B70D30F628E4EF77006B6863 /* ParstagramUITestsLaunchTests.swift in Sources */,
				B70D30F428E4EF77006B6863 /* ParstagramUITests.swift in Sources */,
			);
			runOnlyForDeploymentPostprocessing = 0;
		};
/* End PBXSourcesBuildPhase section */

/* Begin PBXTargetDependency section */
		B70D30E728E4EF77006B6863 /* PBXTargetDependency */ = {
			isa = PBXTargetDependency;
			target = B70D30CE28E4EF72006B6863 /* Parstagram */;
			targetProxy = B70D30E628E4EF77006B6863 /* PBXContainerItemProxy */;
		};
		B70D30F128E4EF77006B6863 /* PBXTargetDependency */ = {
			isa = PBXTargetDependency;
			target = B70D30CE28E4EF72006B6863 /* Parstagram */;
			targetProxy = B70D30F028E4EF77006B6863 /* PBXContainerItemProxy */;
		};
/* End PBXTargetDependency section */

/* Begin PBXVariantGroup section */
		B70D30D828E4EF72006B6863 /* Main.storyboard */ = {
			isa = PBXVariantGroup;
			children = (
				B70D30D928E4EF72006B6863 /* Base */,
			);
			name = Main.storyboard;
			sourceTree = "<group>";
		};
		B70D30DD28E4EF76006B6863 /* LaunchScreen.storyboard */ = {
			isa = PBXVariantGroup;
			children = (
				B70D30DE28E4EF76006B6863 /* Base */,
			);
			name = LaunchScreen.storyboard;
			sourceTree = "<group>";
		};
/* End PBXVariantGroup section */

/* Begin XCBuildConfiguration section */
		B70D30F728E4EF77006B6863 /* Debug */ = {
			isa = XCBuildConfiguration;
			buildSettings = {
				ALWAYS_SEARCH_USER_PATHS = NO;
				CLANG_ANALYZER_NONNULL = YES;
				CLANG_ANALYZER_NUMBER_OBJECT_CONVERSION = YES_AGGRESSIVE;
				CLANG_CXX_LANGUAGE_STANDARD = "gnu++20";
				CLANG_ENABLE_MODULES = YES;
				CLANG_ENABLE_OBJC_ARC = YES;
				CLANG_ENABLE_OBJC_WEAK = YES;
				CLANG_WARN_BLOCK_CAPTURE_AUTORELEASING = YES;
				CLANG_WARN_BOOL_CONVERSION = YES;
				CLANG_WARN_COMMA = YES;
				CLANG_WARN_CONSTANT_CONVERSION = YES;
				CLANG_WARN_DEPRECATED_OBJC_IMPLEMENTATIONS = YES;
				CLANG_WARN_DIRECT_OBJC_ISA_USAGE = YES_ERROR;
				CLANG_WARN_DOCUMENTATION_COMMENTS = YES;
				CLANG_WARN_EMPTY_BODY = YES;
				CLANG_WARN_ENUM_CONVERSION = YES;
				CLANG_WARN_INFINITE_RECURSION = YES;
				CLANG_WARN_INT_CONVERSION = YES;
				CLANG_WARN_NON_LITERAL_NULL_CONVERSION = YES;
				CLANG_WARN_OBJC_IMPLICIT_RETAIN_SELF = YES;
				CLANG_WARN_OBJC_LITERAL_CONVERSION = YES;
				CLANG_WARN_OBJC_ROOT_CLASS = YES_ERROR;
				CLANG_WARN_QUOTED_INCLUDE_IN_FRAMEWORK_HEADER = YES;
				CLANG_WARN_RANGE_LOOP_ANALYSIS = YES;
				CLANG_WARN_STRICT_PROTOTYPES = YES;
				CLANG_WARN_SUSPICIOUS_MOVE = YES;
				CLANG_WARN_UNGUARDED_AVAILABILITY = YES_AGGRESSIVE;
				CLANG_WARN_UNREACHABLE_CODE = YES;
				CLANG_WARN__DUPLICATE_METHOD_MATCH = YES;
				COPY_PHASE_STRIP = NO;
				DEBUG_INFORMATION_FORMAT = dwarf;
				ENABLE_STRICT_OBJC_MSGSEND = YES;
				ENABLE_TESTABILITY = YES;
				GCC_C_LANGUAGE_STANDARD = gnu11;
				GCC_DYNAMIC_NO_PIC = NO;
				GCC_NO_COMMON_BLOCKS = YES;
				GCC_OPTIMIZATION_LEVEL = 0;
				GCC_PREPROCESSOR_DEFINITIONS = (
					"DEBUG=1",
					"$(inherited)",
				);
				GCC_WARN_64_TO_32_BIT_CONVERSION = YES;
				GCC_WARN_ABOUT_RETURN_TYPE = YES_ERROR;
				GCC_WARN_UNDECLARED_SELECTOR = YES;
				GCC_WARN_UNINITIALIZED_AUTOS = YES_AGGRESSIVE;
				GCC_WARN_UNUSED_FUNCTION = YES;
				GCC_WARN_UNUSED_VARIABLE = YES;
				IPHONEOS_DEPLOYMENT_TARGET = 16.0;
				MTL_ENABLE_DEBUG_INFO = INCLUDE_SOURCE;
				MTL_FAST_MATH = YES;
				ONLY_ACTIVE_ARCH = YES;
				SDKROOT = iphoneos;
				SWIFT_ACTIVE_COMPILATION_CONDITIONS = DEBUG;
				SWIFT_OPTIMIZATION_LEVEL = "-Onone";
			};
			name = Debug;
		};
		B70D30F828E4EF77006B6863 /* Release */ = {
			isa = XCBuildConfiguration;
			buildSettings = {
				ALWAYS_SEARCH_USER_PATHS = NO;
				CLANG_ANALYZER_NONNULL = YES;
				CLANG_ANALYZER_NUMBER_OBJECT_CONVERSION = YES_AGGRESSIVE;
				CLANG_CXX_LANGUAGE_STANDARD = "gnu++20";
				CLANG_ENABLE_MODULES = YES;
				CLANG_ENABLE_OBJC_ARC = YES;
				CLANG_ENABLE_OBJC_WEAK = YES;
				CLANG_WARN_BLOCK_CAPTURE_AUTORELEASING = YES;
				CLANG_WARN_BOOL_CONVERSION = YES;
				CLANG_WARN_COMMA = YES;
				CLANG_WARN_CONSTANT_CONVERSION = YES;
				CLANG_WARN_DEPRECATED_OBJC_IMPLEMENTATIONS = YES;
				CLANG_WARN_DIRECT_OBJC_ISA_USAGE = YES_ERROR;
				CLANG_WARN_DOCUMENTATION_COMMENTS = YES;
				CLANG_WARN_EMPTY_BODY = YES;
				CLANG_WARN_ENUM_CONVERSION = YES;
				CLANG_WARN_INFINITE_RECURSION = YES;
				CLANG_WARN_INT_CONVERSION = YES;
				CLANG_WARN_NON_LITERAL_NULL_CONVERSION = YES;
				CLANG_WARN_OBJC_IMPLICIT_RETAIN_SELF = YES;
				CLANG_WARN_OBJC_LITERAL_CONVERSION = YES;
				CLANG_WARN_OBJC_ROOT_CLASS = YES_ERROR;
				CLANG_WARN_QUOTED_INCLUDE_IN_FRAMEWORK_HEADER = YES;
				CLANG_WARN_RANGE_LOOP_ANALYSIS = YES;
				CLANG_WARN_STRICT_PROTOTYPES = YES;
				CLANG_WARN_SUSPICIOUS_MOVE = YES;
				CLANG_WARN_UNGUARDED_AVAILABILITY = YES_AGGRESSIVE;
				CLANG_WARN_UNREACHABLE_CODE = YES;
				CLANG_WARN__DUPLICATE_METHOD_MATCH = YES;
				COPY_PHASE_STRIP = NO;
				DEBUG_INFORMATION_FORMAT = "dwarf-with-dsym";
				ENABLE_NS_ASSERTIONS = NO;
				ENABLE_STRICT_OBJC_MSGSEND = YES;
				GCC_C_LANGUAGE_STANDARD = gnu11;
				GCC_NO_COMMON_BLOCKS = YES;
				GCC_WARN_64_TO_32_BIT_CONVERSION = YES;
				GCC_WARN_ABOUT_RETURN_TYPE = YES_ERROR;
				GCC_WARN_UNDECLARED_SELECTOR = YES;
				GCC_WARN_UNINITIALIZED_AUTOS = YES_AGGRESSIVE;
				GCC_WARN_UNUSED_FUNCTION = YES;
				GCC_WARN_UNUSED_VARIABLE = YES;
				IPHONEOS_DEPLOYMENT_TARGET = 16.0;
				MTL_ENABLE_DEBUG_INFO = NO;
				MTL_FAST_MATH = YES;
				SDKROOT = iphoneos;
				SWIFT_COMPILATION_MODE = wholemodule;
				SWIFT_OPTIMIZATION_LEVEL = "-O";
				VALIDATE_PRODUCT = YES;
			};
			name = Release;
		};
		B70D30FA28E4EF77006B6863 /* Debug */ = {
			isa = XCBuildConfiguration;
			baseConfigurationReference = 135F065D6108890AA34CDD2A /* Pods-Parstagram.debug.xcconfig */;
			buildSettings = {
				ASSETCATALOG_COMPILER_APPICON_NAME = AppIcon;
				ASSETCATALOG_COMPILER_GLOBAL_ACCENT_COLOR_NAME = AccentColor;
				CODE_SIGN_STYLE = Automatic;
				CURRENT_PROJECT_VERSION = 1;
				DEVELOPMENT_TEAM = 9QJHV93DMC;
				GENERATE_INFOPLIST_FILE = YES;
				INFOPLIST_FILE = Parstagram/Info.plist;
				INFOPLIST_KEY_UIApplicationSupportsIndirectInputEvents = YES;
				INFOPLIST_KEY_UILaunchStoryboardName = LaunchScreen;
				INFOPLIST_KEY_UIMainStoryboardFile = Main;
				INFOPLIST_KEY_UISupportedInterfaceOrientations_iPad = "UIInterfaceOrientationPortrait UIInterfaceOrientationPortraitUpsideDown UIInterfaceOrientationLandscapeLeft UIInterfaceOrientationLandscapeRight";
				INFOPLIST_KEY_UISupportedInterfaceOrientations_iPhone = "UIInterfaceOrientationPortrait UIInterfaceOrientationLandscapeLeft UIInterfaceOrientationLandscapeRight";
				IPHONEOS_DEPLOYMENT_TARGET = 13.0;
				LD_RUNPATH_SEARCH_PATHS = (
					"$(inherited)",
					"@executable_path/Frameworks",
				);
				MARKETING_VERSION = 1.0;
				PRODUCT_BUNDLE_IDENTIFIER = com.linadeveloper004.Parstagram;
				PRODUCT_NAME = "$(TARGET_NAME)";
				SWIFT_EMIT_LOC_STRINGS = YES;
				SWIFT_VERSION = 5.0;
				TARGETED_DEVICE_FAMILY = "1,2";
			};
			name = Debug;
		};
		B70D30FB28E4EF77006B6863 /* Release */ = {
			isa = XCBuildConfiguration;
			baseConfigurationReference = 306E71D85AD2DA527233D6CD /* Pods-Parstagram.release.xcconfig */;
			buildSettings = {
				ASSETCATALOG_COMPILER_APPICON_NAME = AppIcon;
				ASSETCATALOG_COMPILER_GLOBAL_ACCENT_COLOR_NAME = AccentColor;
				CODE_SIGN_STYLE = Automatic;
				CURRENT_PROJECT_VERSION = 1;
				DEVELOPMENT_TEAM = 9QJHV93DMC;
				GENERATE_INFOPLIST_FILE = YES;
				INFOPLIST_FILE = Parstagram/Info.plist;
				INFOPLIST_KEY_UIApplicationSupportsIndirectInputEvents = YES;
				INFOPLIST_KEY_UILaunchStoryboardName = LaunchScreen;
				INFOPLIST_KEY_UIMainStoryboardFile = Main;
				INFOPLIST_KEY_UISupportedInterfaceOrientations_iPad = "UIInterfaceOrientationPortrait UIInterfaceOrientationPortraitUpsideDown UIInterfaceOrientationLandscapeLeft UIInterfaceOrientationLandscapeRight";
				INFOPLIST_KEY_UISupportedInterfaceOrientations_iPhone = "UIInterfaceOrientationPortrait UIInterfaceOrientationLandscapeLeft UIInterfaceOrientationLandscapeRight";
				IPHONEOS_DEPLOYMENT_TARGET = 13.0;
				LD_RUNPATH_SEARCH_PATHS = (
					"$(inherited)",
					"@executable_path/Frameworks",
				);
				MARKETING_VERSION = 1.0;
				PRODUCT_BUNDLE_IDENTIFIER = com.linadeveloper004.Parstagram;
				PRODUCT_NAME = "$(TARGET_NAME)";
				SWIFT_EMIT_LOC_STRINGS = YES;
				SWIFT_VERSION = 5.0;
				TARGETED_DEVICE_FAMILY = "1,2";
			};
			name = Release;
		};
		B70D30FD28E4EF77006B6863 /* Debug */ = {
			isa = XCBuildConfiguration;
			baseConfigurationReference = 8A8EB5A3CBD36DD1B3A252B0 /* Pods-ParstagramTests.debug.xcconfig */;
			buildSettings = {
				ALWAYS_EMBED_SWIFT_STANDARD_LIBRARIES = YES;
				BUNDLE_LOADER = "$(TEST_HOST)";
				CODE_SIGN_STYLE = Automatic;
				CURRENT_PROJECT_VERSION = 1;
				DEVELOPMENT_TEAM = 9QJHV93DMC;
				GENERATE_INFOPLIST_FILE = YES;
				IPHONEOS_DEPLOYMENT_TARGET = 16.0;
				MARKETING_VERSION = 1.0;
				PRODUCT_BUNDLE_IDENTIFIER = com.linadeveloper004.ParstagramTests;
				PRODUCT_NAME = "$(TARGET_NAME)";
				SWIFT_EMIT_LOC_STRINGS = NO;
				SWIFT_VERSION = 5.0;
				TARGETED_DEVICE_FAMILY = "1,2";
				TEST_HOST = "$(BUILT_PRODUCTS_DIR)/Parstagram.app/$(BUNDLE_EXECUTABLE_FOLDER_PATH)/Parstagram";
			};
			name = Debug;
		};
		B70D30FE28E4EF77006B6863 /* Release */ = {
			isa = XCBuildConfiguration;
			baseConfigurationReference = 0650192BE6231D2CFDC41C45 /* Pods-ParstagramTests.release.xcconfig */;
			buildSettings = {
				ALWAYS_EMBED_SWIFT_STANDARD_LIBRARIES = YES;
				BUNDLE_LOADER = "$(TEST_HOST)";
				CODE_SIGN_STYLE = Automatic;
				CURRENT_PROJECT_VERSION = 1;
				DEVELOPMENT_TEAM = 9QJHV93DMC;
				GENERATE_INFOPLIST_FILE = YES;
				IPHONEOS_DEPLOYMENT_TARGET = 16.0;
				MARKETING_VERSION = 1.0;
				PRODUCT_BUNDLE_IDENTIFIER = com.linadeveloper004.ParstagramTests;
				PRODUCT_NAME = "$(TARGET_NAME)";
				SWIFT_EMIT_LOC_STRINGS = NO;
				SWIFT_VERSION = 5.0;
				TARGETED_DEVICE_FAMILY = "1,2";
				TEST_HOST = "$(BUILT_PRODUCTS_DIR)/Parstagram.app/$(BUNDLE_EXECUTABLE_FOLDER_PATH)/Parstagram";
			};
			name = Release;
		};
		B70D310028E4EF77006B6863 /* Debug */ = {
			isa = XCBuildConfiguration;
			baseConfigurationReference = E1345C5B317B819878F75C83 /* Pods-Parstagram-ParstagramUITests.debug.xcconfig */;
			buildSettings = {
				ALWAYS_EMBED_SWIFT_STANDARD_LIBRARIES = YES;
				CODE_SIGN_STYLE = Automatic;
				CURRENT_PROJECT_VERSION = 1;
				DEVELOPMENT_TEAM = 9QJHV93DMC;
				GENERATE_INFOPLIST_FILE = YES;
				MARKETING_VERSION = 1.0;
				PRODUCT_BUNDLE_IDENTIFIER = com.linadeveloper004.ParstagramUITests;
				PRODUCT_NAME = "$(TARGET_NAME)";
				SWIFT_EMIT_LOC_STRINGS = NO;
				SWIFT_VERSION = 5.0;
				TARGETED_DEVICE_FAMILY = "1,2";
				TEST_TARGET_NAME = Parstagram;
			};
			name = Debug;
		};
		B70D310128E4EF77006B6863 /* Release */ = {
			isa = XCBuildConfiguration;
			baseConfigurationReference = 595F3E9B59BD5043197B3C94 /* Pods-Parstagram-ParstagramUITests.release.xcconfig */;
			buildSettings = {
				ALWAYS_EMBED_SWIFT_STANDARD_LIBRARIES = YES;
				CODE_SIGN_STYLE = Automatic;
				CURRENT_PROJECT_VERSION = 1;
				DEVELOPMENT_TEAM = 9QJHV93DMC;
				GENERATE_INFOPLIST_FILE = YES;
				MARKETING_VERSION = 1.0;
				PRODUCT_BUNDLE_IDENTIFIER = com.linadeveloper004.ParstagramUITests;
				PRODUCT_NAME = "$(TARGET_NAME)";
				SWIFT_EMIT_LOC_STRINGS = NO;
				SWIFT_VERSION = 5.0;
				TARGETED_DEVICE_FAMILY = "1,2";
				TEST_TARGET_NAME = Parstagram;
			};
			name = Release;
		};
/* End XCBuildConfiguration section */

/* Begin XCConfigurationList section */
		B70D30CA28E4EF72006B6863 /* Build configuration list for PBXProject "Parstagram" */ = {
			isa = XCConfigurationList;
			buildConfigurations = (
				B70D30F728E4EF77006B6863 /* Debug */,
				B70D30F828E4EF77006B6863 /* Release */,
			);
			defaultConfigurationIsVisible = 0;
			defaultConfigurationName = Release;
		};
		B70D30F928E4EF77006B6863 /* Build configuration list for PBXNativeTarget "Parstagram" */ = {
			isa = XCConfigurationList;
			buildConfigurations = (
				B70D30FA28E4EF77006B6863 /* Debug */,
				B70D30FB28E4EF77006B6863 /* Release */,
			);
			defaultConfigurationIsVisible = 0;
			defaultConfigurationName = Release;
		};
		B70D30FC28E4EF77006B6863 /* Build configuration list for PBXNativeTarget "ParstagramTests" */ = {
			isa = XCConfigurationList;
			buildConfigurations = (
				B70D30FD28E4EF77006B6863 /* Debug */,
				B70D30FE28E4EF77006B6863 /* Release */,
			);
			defaultConfigurationIsVisible = 0;
			defaultConfigurationName = Release;
		};
		B70D30FF28E4EF77006B6863 /* Build configuration list for PBXNativeTarget "ParstagramUITests" */ = {
			isa = XCConfigurationList;
			buildConfigurations = (
				B70D310028E4EF77006B6863 /* Debug */,
				B70D310128E4EF77006B6863 /* Release */,
			);
			defaultConfigurationIsVisible = 0;
			defaultConfigurationName = Release;
		};
/* End XCConfigurationList section */
	};
	rootObject = B70D30C728E4EF72006B6863 /* Project object */;
}
